// !$*UTF8*$!
{
	archiveVersion = 1;
	classes = {
	};
	objectVersion = 46;
	objects = {

/* Begin PBXBuildFile section */
		7B49615118BB2B4C00E5A459 /* SansList.m in Sources */ = {isa = PBXBuildFile; fileRef = 7B49615018BB2B4C00E5A459 /* SansList.m */; };
		7B53A910188DB02B0065DE13 /* SansNib in CopyFiles */ = {isa = PBXBuildFile; fileRef = 7BE03780188DAEF000C2E747 /* SansNib */; };
		7B9C2E9518B6A86F00D40C99 /* SansNib+Extras.m in Sources */ = {isa = PBXBuildFile; fileRef = 7B9C2E9218B6A86F00D40C99 /* SansNib+Extras.m */; };
		7BC10D4E181EE2210031D473 /* SansNibCli.m in Sources */ = {isa = PBXBuildFile; fileRef = 7BC10D4D181EE2210031D473 /* SansNibCli.m */; };
		7BC10DA9181EE5BD0031D473 /* SansNib.m in Sources */ = {isa = PBXBuildFile; fileRef = 7BC10D65181EE2B20031D473 /* SansNib.m */; };
		7BC10DAA181EE5C00031D473 /* SansNib.h in Headers */ = {isa = PBXBuildFile; fileRef = 7BC10D64181EE2B20031D473 /* SansNib.h */; settings = {ATTRIBUTES = (Public, ); }; };
/* End PBXBuildFile section */

/* Begin PBXContainerItemProxy section */
		7BBE68311823D6510044B655 /* PBXContainerItemProxy */ = {
			isa = PBXContainerItemProxy;
			containerPortal = ECE3B1F41235F1AA00406672 /* Project object */;
			proxyType = 1;
			remoteGlobalIDString = 7BC10D88181EE56E0031D473;
			remoteInfo = SansNib;
		};
/* End PBXContainerItemProxy section */

/* Begin PBXCopyFilesBuildPhase section */
		7BE0377F188DAE1900C2E747 /* CopyFiles */ = {
			isa = PBXCopyFilesBuildPhase;
			buildActionMask = 2147483647;
			dstPath = "$(HOME)/Library/Application Support/Developer/Shared/Xcode/Project Templates";
			dstSubfolderSpec = 0;
			files = (
				7B53A910188DB02B0065DE13 /* SansNib in CopyFiles */,
			);
			runOnlyForDeploymentPostprocessing = 0;
		};
/* End PBXCopyFilesBuildPhase section */

/* Begin PBXFileReference section */
		7B49615018BB2B4C00E5A459 /* SansList.m */ = {isa = PBXFileReference; fileEncoding = 4; lastKnownFileType = sourcecode.c.objc; path = SansList.m; sourceTree = "<group>"; };
		7B53A94F188DDF860065DE13 /* scratch */ = {isa = PBXFileReference; lastKnownFileType = text; name = scratch; path = exclude/scratch; sourceTree = "<group>"; };
		7B9C2E9218B6A86F00D40C99 /* SansNib+Extras.m */ = {isa = PBXFileReference; fileEncoding = 4; lastKnownFileType = sourcecode.c.objc; path = "SansNib+Extras.m"; sourceTree = "<group>"; };
		7BC10D48181EE2200031D473 /* SansNibTest */ = {isa = PBXFileReference; explicitFileType = "compiled.mach-o.executable"; includeInIndex = 0; path = SansNibTest; sourceTree = BUILT_PRODUCTS_DIR; };
		7BC10D4D181EE2210031D473 /* SansNibCli.m */ = {isa = PBXFileReference; lastKnownFileType = sourcecode.c.objc; path = SansNibCli.m; sourceTree = "<group>"; };
		7BC10D64181EE2B20031D473 /* SansNib.h */ = {isa = PBXFileReference; lastKnownFileType = sourcecode.c.h; path = SansNib.h; sourceTree = "<group>"; };
		7BC10D65181EE2B20031D473 /* SansNib.m */ = {isa = PBXFileReference; lastKnownFileType = sourcecode.c.objc; path = SansNib.m; sourceTree = "<group>"; };
		7BC10D89181EE56E0031D473 /* libSansNib.dylib */ = {isa = PBXFileReference; explicitFileType = "compiled.mach-o.dylib"; includeInIndex = 0; path = libSansNib.dylib; sourceTree = BUILT_PRODUCTS_DIR; };
		7BE03780188DAEF000C2E747 /* SansNib */ = {isa = PBXFileReference; lastKnownFileType = folder; path = SansNib; sourceTree = "<group>"; };
/* End PBXFileReference section */

/* Begin PBXGroup section */
		ECE3B1F21235F1AA00406672 = {
			isa = PBXGroup;
			children = (
				7BC10D4D181EE2210031D473 /* SansNibCli.m */,
				7BC10D64181EE2B20031D473 /* SansNib.h */,
				7BC10D65181EE2B20031D473 /* SansNib.m */,
				7B9C2E9218B6A86F00D40C99 /* SansNib+Extras.m */,
				7B49615018BB2B4C00E5A459 /* SansList.m */,
				ECE3B2011235F1B800406672 /* Products */,
				7B53A94F188DDF860065DE13 /* scratch */,
				7BE03780188DAEF000C2E747 /* SansNib */,
			);
			sourceTree = "<group>";
		};
		ECE3B2011235F1B800406672 /* Products */ = {
			isa = PBXGroup;
			children = (
				7BC10D48181EE2200031D473 /* SansNibTest */,
				7BC10D89181EE56E0031D473 /* libSansNib.dylib */,
			);
			name = Products;
			sourceTree = "<group>";
		};
/* End PBXGroup section */

/* Begin PBXHeadersBuildPhase section */
		7BC10D87181EE56E0031D473 /* Headers */ = {
			isa = PBXHeadersBuildPhase;
			buildActionMask = 2147483647;
			files = (
				7BC10DAA181EE5C00031D473 /* SansNib.h in Headers */,
			);
			runOnlyForDeploymentPostprocessing = 0;
		};
/* End PBXHeadersBuildPhase section */

/* Begin PBXNativeTarget section */
		7BC10D47181EE2200031D473 /* SansNibTest */ = {
			isa = PBXNativeTarget;
			buildConfigurationList = 7BC10D53181EE2210031D473 /* Build configuration list for PBXNativeTarget "SansNibTest" */;
			buildPhases = (
				7BC10D44181EE2200031D473 /* Sources */,
			);
			buildRules = (
			);
			dependencies = (
				7BBE68321823D6510044B655 /* PBXTargetDependency */,
			);
			name = SansNibTest;
			productName = SansNibDemo;
			productReference = 7BC10D48181EE2200031D473 /* SansNibTest */;
			productType = "com.apple.product-type.tool";
		};
		7BC10D88181EE56E0031D473 /* SansNib */ = {
			isa = PBXNativeTarget;
			buildConfigurationList = 7BC10DA3181EE5700031D473 /* Build configuration list for PBXNativeTarget "SansNib" */;
			buildPhases = (
				7BC10D85181EE56E0031D473 /* Sources */,
				7BC10D87181EE56E0031D473 /* Headers */,
				7BC6EF78182503FF004744CD /* ShellScript */,
				7BE0377F188DAE1900C2E747 /* CopyFiles */,
			);
			buildRules = (
			);
			dependencies = (
			);
			name = SansNib;
			productName = SansNib;
			productReference = 7BC10D89181EE56E0031D473 /* libSansNib.dylib */;
			productType = "com.apple.product-type.library.dynamic";
		};
/* End PBXNativeTarget section */

/* Begin PBXProject section */
		ECE3B1F41235F1AA00406672 /* Project object */ = {
			isa = PBXProject;
			attributes = {
				LastUpgradeCheck = 0500;
			};
			buildConfigurationList = ECE3B1F71235F1AA00406672 /* Build configuration list for PBXProject "SansNib" */;
			compatibilityVersion = "Xcode 3.2";
			developmentRegion = English;
			hasScannedForEncodings = 0;
			knownRegions = (
				en,
			);
			mainGroup = ECE3B1F21235F1AA00406672;
			productRefGroup = ECE3B2011235F1B800406672 /* Products */;
			projectDirPath = "";
			projectRoot = "";
			targets = (
				7BC10D47181EE2200031D473 /* SansNibTest */,
				7BC10D88181EE56E0031D473 /* SansNib */,
			);
		};
/* End PBXProject section */

/* Begin PBXShellScriptBuildPhase section */
		7BC6EF78182503FF004744CD /* ShellScript */ = {
			isa = PBXShellScriptBuildPhase;
			buildActionMask = 2147483647;
			files = (
			);
			inputPaths = (
			);
			outputPaths = (
			);
			runOnlyForDeploymentPostprocessing = 0;
			shellPath = /bin/sh;
			shellScript = "#echo \"${SYSROOT}\"\n#sudo ln -sF \"${CODESIGNING_FOLDER_PATH}\" \"${SDK_DIR}/usr/lib/\"\n#sudo ln -sF \"${PUBLIC_HEADERS_FOLDER_PATH}/${PRODUCT_NAME}.h\" \"${SDK_DIR}/usr/include/\"\n\n##sudo ln -sF \"${CODESIGNING_FOLDER_PATH}\" \"/usr/lib/\"\n#sudo ln -sF \"${PUBLIC_HEADERS_FOLDER_PATH}/${PRODUCT_NAME}.h\" \"/usr/include/\"\n\n#source ~/.zshrc\n#sudo ln -sF \"${BUILT_PRODUCTS_DIR}/${WRAPPER_NAME}\" \"$SDKFRAMEWORKS/\"\n";
		};
/* End PBXShellScriptBuildPhase section */

/* Begin PBXSourcesBuildPhase section */
		7BC10D44181EE2200031D473 /* Sources */ = {
			isa = PBXSourcesBuildPhase;
			buildActionMask = 2147483647;
			files = (
				7BC10D4E181EE2210031D473 /* SansNibCli.m in Sources */,
			);
			runOnlyForDeploymentPostprocessing = 0;
		};
		7BC10D85181EE56E0031D473 /* Sources */ = {
			isa = PBXSourcesBuildPhase;
			buildActionMask = 2147483647;
			files = (
				7BC10DA9181EE5BD0031D473 /* SansNib.m in Sources */,
				7B49615118BB2B4C00E5A459 /* SansList.m in Sources */,
				7B9C2E9518B6A86F00D40C99 /* SansNib+Extras.m in Sources */,
			);
			runOnlyForDeploymentPostprocessing = 0;
		};
/* End PBXSourcesBuildPhase section */

/* Begin PBXTargetDependency section */
		7BBE68321823D6510044B655 /* PBXTargetDependency */ = {
			isa = PBXTargetDependency;
			target = 7BC10D88181EE56E0031D473 /* SansNib */;
			targetProxy = 7BBE68311823D6510044B655 /* PBXContainerItemProxy */;
		};
/* End PBXTargetDependency section */

/* Begin XCBuildConfiguration section */
		7BC10D54181EE2210031D473 /* Debug */ = {
			isa = XCBuildConfiguration;
			buildSettings = {
				GCC_WARN_UNDECLARED_SELECTOR = YES;
				OTHER_LDFLAGS = (
					"-lSansNib",
					"-all_load",
					"-ObjC",
				);
				PRODUCT_NAME = "$(TARGET_NAME)";
			};
			name = Debug;
		};
		7BC10D55181EE2210031D473 /* Release */ = {
			isa = XCBuildConfiguration;
			buildSettings = {
				GCC_WARN_UNDECLARED_SELECTOR = YES;
				OTHER_LDFLAGS = (
					"-lSansNib",
					"-all_load",
					"-ObjC",
				);
				PRODUCT_NAME = "$(TARGET_NAME)";
			};
			name = Release;
		};
		7BC10DA4181EE5700031D473 /* Debug */ = {
			isa = XCBuildConfiguration;
			buildSettings = {
				CLANG_ENABLE_OBJC_ARC = YES;
				DYLIB_COMPATIBILITY_VERSION = 1;
				DYLIB_CURRENT_VERSION = 1;
				EXECUTABLE_PREFIX = lib;
				GCC_OPTIMIZATION_LEVEL = 0;
				OTHER_LDFLAGS = (
					"-ObjC",
					"-framework",
					AtoZ,
					"-sub_umbrella",
					AtoZ,
				);
				PRODUCT_NAME = SansNib;
				PUBLIC_HEADERS_FOLDER_PATH = include/$PRODUCT_NAME;
			};
			name = Debug;
		};
		7BC10DA5181EE5700031D473 /* Release */ = {
			isa = XCBuildConfiguration;
			buildSettings = {
				CLANG_ENABLE_OBJC_ARC = YES;
				DYLIB_COMPATIBILITY_VERSION = 1;
				DYLIB_CURRENT_VERSION = 1;
				EXECUTABLE_PREFIX = lib;
				OTHER_LDFLAGS = (
					"-ObjC",
					"-framework",
					AtoZ,
					"-sub_umbrella",
					AtoZ,
				);
				PRODUCT_NAME = SansNib;
				PUBLIC_HEADERS_FOLDER_PATH = include/$PRODUCT_NAME;
			};
			name = Release;
		};
		ECE3B1F51235F1AA00406672 /* Debug */ = {
			isa = XCBuildConfiguration;
			buildSettings = {
				CLANG_ENABLE_OBJC_ARC = YES;
				FRAMEWORK_SEARCH_PATHS = "$(AZBUILD)";
				GCC_C_LANGUAGE_STANDARD = c11;
				GCC_PREPROCESSOR_DEFINITIONS = (
					"DEBUG=1",
					"$(inherited)",
				);
				GCC_WARN_ABOUT_MISSING_PROTOTYPES = YES;
				GCC_WARN_UNDECLARED_SELECTOR = YES;
				HEADER_SEARCH_PATHS = (
					"$(inherited)",
					/Applications/Xcode.app/Contents/Developer/Toolchains/XcodeDefault.xctoolchain/usr/include,
				);
				LD_RUNPATH_SEARCH_PATHS = "$(AZBUILD)";
				ONLY_ACTIVE_ARCH = YES;
				SDKROOT = macosx;
			};
			name = Debug;
		};
		ECE3B1F61235F1AA00406672 /* Release */ = {
			isa = XCBuildConfiguration;
			buildSettings = {
				CLANG_ENABLE_OBJC_ARC = YES;
				FRAMEWORK_SEARCH_PATHS = "$(AZBUILD)";
				GCC_C_LANGUAGE_STANDARD = c11;
				GCC_PREPROCESSOR_DEFINITIONS = (
					"DEBUG=1",
					"$(inherited)",
				);
				GCC_WARN_ABOUT_MISSING_PROTOTYPES = YES;
				GCC_WARN_UNDECLARED_SELECTOR = YES;
				HEADER_SEARCH_PATHS = (
					"$(inherited)",
					/Applications/Xcode.app/Contents/Developer/Toolchains/XcodeDefault.xctoolchain/usr/include,
				);
				LD_RUNPATH_SEARCH_PATHS = "$(AZBUILD)";
				ONLY_ACTIVE_ARCH = YES;
				SDKROOT = macosx;
			};
			name = Release;
		};
/* End XCBuildConfiguration section */

/* Begin XCConfigurationList section */
		7BC10D53181EE2210031D473 /* Build configuration list for PBXNativeTarget "SansNibTest" */ = {
			isa = XCConfigurationList;
			buildConfigurations = (
				7BC10D54181EE2210031D473 /* Debug */,
				7BC10D55181EE2210031D473 /* Release */,
			);
			defaultConfigurationIsVisible = 0;
			defaultConfigurationName = Release;
		};
		7BC10DA3181EE5700031D473 /* Build configuration list for PBXNativeTarget "SansNib" */ = {
			isa = XCConfigurationList;
			buildConfigurations = (
				7BC10DA4181EE5700031D473 /* Debug */,
				7BC10DA5181EE5700031D473 /* Release */,
			);
			defaultConfigurationIsVisible = 0;
			defaultConfigurationName = Release;
		};
		ECE3B1F71235F1AA00406672 /* Build configuration list for PBXProject "SansNib" */ = {
			isa = XCConfigurationList;
			buildConfigurations = (
				ECE3B1F51235F1AA00406672 /* Debug */,
				ECE3B1F61235F1AA00406672 /* Release */,
			);
			defaultConfigurationIsVisible = 0;
			defaultConfigurationName = Release;
		};
/* End XCConfigurationList section */
	};
	rootObject = ECE3B1F41235F1AA00406672 /* Project object */;
}
